<?xml version="1.0" encoding="UTF-8" standalone="yes" ?>
<CodeBlocks_project_file>
	<FileVersion major="1" minor="6" />
	<Project>
		<Option title="BasicUsageEnvironment" />
		<Option pch_mode="2" />
		<Option compiler="gcc" />
		<Build>
			<Target title="Debug">
				<Option output="bin/Debug/BasicUsageEnvironment" prefix_auto="1" extension_auto="1" />
				<Option working_dir="" />
				<Option object_output="obj/Debug/" />
				<Option type="2" />
				<Option compiler="gcc" />
				<Option createDefFile="1" />
				<Compiler>
					<Add option="-Wall" />
					<Add option="-g" />
					<Add directory="include" />
					<Add directory="../BasicUsageEnvironment" />
				</Compiler>
			</Target>
			<Target title="Release">
				<Option output="bin/Release/BasicUsageEnvironment" prefix_auto="1" extension_auto="1" />
				<Option working_dir="" />
				<Option object_output="obj/Release/" />
				<Option type="2" />
				<Option compiler="gcc" />
				<Option createDefFile="1" />
				<Compiler>
					<Add option="-Wall" />
					<Add option="-O2" />
				</Compiler>
				<Linker>
					<Add option="-s" />
				</Linker>
			</Target>
		</Build>
		<Compiler>
			<Add option="-g" />
			<Add directory="include" />
			<Add directory="/home/steven/FileSystem/data/steven/workspace/2 MGV/live/BasicUsageEnvironment/" />
		</Compiler>
		<Unit filename="../../../../../../../../../mnt/data/steven/workspace/2 MGV/live/BasicUsageEnvironment/include/BasicUsageEnvironment.hh" />
		<Unit filename="../../../../../../../../../mnt/data/steven/workspace/2 MGV/live/BasicUsageEnvironment/include/BasicUsageEnvironment_version.hh" />
		<Unit filename="BasicHashTable.cpp" />
		<Unit filename="BasicTaskScheduler.cpp" />
		<Unit filename="BasicTaskScheduler0.cpp" />
		<Unit filename="BasicUsageEnvironment.cpp" />
		<Unit filename="BasicUsageEnvironment0.cpp" />
		<Unit filename="DelayQueue.cpp" />
		<Unit filename="include/BasicHashTable.hh" />
		<Unit filename="include/BasicUsageEnvironment0.hh" />
		<Unit filename="include/DelayQueue.hh" />
		<Unit filename="include/HandlerSet.hh" />
		<Unit filename="main.c">
			<Option compilerVar="CC" />
		</Unit>
		<Extensions>
			<envvars />
			<code_completion />
			<debugger />
		</Extensions>
	</Project>
</CodeBlocks_project_file>
